
Microsoft Visual Studio Solution File, Format Version 12.00
Project("{FAE04EC0-301F-11D3-BF4B-00C04F79EFBC}") = "QuadComments.Data", "src\QuadComments.Data\QuadComments.Data.csproj", "{6539C686-2375-4310-83F2-5C95D4AD48AD}"
EndProject
Project("{FAE04EC0-301F-11D3-BF4B-00C04F79EFBC}") = "QuadComments.Services", "src\QuadComments.Services\QuadComments.Services.csproj", "{F34C2946-80F8-4B96-9586-BC89576493DD}"
EndProject
Project("{FAE04EC0-301F-11D3-BF4B-00C04F79EFBC}") = "QuadComments.App", "src\QuadComments.App\QuadComments.App.csproj", "{C159F3CA-F24C-4E78-9490-6A58B8B81256}"
EndProject
Project("{FAE04EC0-301F-11D3-BF4B-00C04F79EFBC}") = "QuadComments.Security", "src\QuadComments.Security\QuadComments.Security.csproj", "{1DDB292F-C491-4C52-A5BB-722D69B745A1}"
EndProject
Global
	GlobalSection(SolutionConfigurationPlatforms) = preSolution
		Debug|Any CPU = Debug|Any CPU
		Release|Any CPU = Release|Any CPU
	EndGlobalSection
	GlobalSection(ProjectConfigurationPlatforms) = postSolution
		{6539C686-2375-4310-83F2-5C95D4AD48AD}.Debug|Any CPU.ActiveCfg = Debug|Any CPU
		{6539C686-2375-4310-83F2-5C95D4AD48AD}.Debug|Any CPU.Build.0 = Debug|Any CPU
		{6539C686-2375-4310-83F2-5C95D4AD48AD}.Release|Any CPU.ActiveCfg = Release|Any CPU
		{6539C686-2375-4310-83F2-5C95D4AD48AD}.Release|Any CPU.Build.0 = Release|Any CPU
		{F34C2946-80F8-4B96-9586-BC89576493DD}.Debug|Any CPU.ActiveCfg = Debug|Any CPU
		{F34C2946-80F8-4B96-9586-BC89576493DD}.Debug|Any CPU.Build.0 = Debug|Any CPU
		{F34C2946-80F8-4B96-9586-BC89576493DD}.Release|Any CPU.ActiveCfg = Release|Any CPU
		{F34C2946-80F8-4B96-9586-BC89576493DD}.Release|Any CPU.Build.0 = Release|Any CPU
		{C159F3CA-F24C-4E78-9490-6A58B8B81256}.Debug|Any CPU.ActiveCfg = Debug|Any CPU
		{C159F3CA-F24C-4E78-9490-6A58B8B81256}.Debug|Any CPU.Build.0 = Debug|Any CPU
		{C159F3CA-F24C-4E78-9490-6A58B8B81256}.Release|Any CPU.ActiveCfg = Release|Any CPU
		{C159F3CA-F24C-4E78-9490-6A58B8B81256}.Release|Any CPU.Build.0 = Release|Any CPU
		{1DDB292F-C491-4C52-A5BB-722D69B745A1}.Debug|Any CPU.ActiveCfg = Debug|Any CPU
		{1DDB292F-C491-4C52-A5BB-722D69B745A1}.Debug|Any CPU.Build.0 = Debug|Any CPU
		{1DDB292F-C491-4C52-A5BB-722D69B745A1}.Release|Any CPU.ActiveCfg = Release|Any CPU
		{1DDB292F-C491-4C52-A5BB-722D69B745A1}.Release|Any CPU.Build.0 = Release|Any CPU
	EndGlobalSection
EndGlobal
